{
  "name": "aoc-2023-typescript",
  "version": "1.0.0",
  "lockfileVersion": 3,
  "requires": true,
  "packages": {
    "": {
      "name": "aoc-2023-typescript",
      "version": "1.0.0",
      "license": "ISC",
      "dependencies": {
        "ts-priority-queue": "^0.1.1"
      },
      "devDependencies": {
        "bun-types": "latest"
      }
    },
    "node_modules/bun-types": {
      "version": "1.0.18",
      "resolved": "https://registry.npmjs.org/bun-types/-/bun-types-1.0.18.tgz",
      "integrity": "sha512-1XZ7AxOF8oO8FZtw1xj006JAKxEjulK3dUhsktZVN95vXBlsf4NIjQxfistVdpt24v3H2I9BwHp+UU+gXSSpAw==",
      "dev": true
    },
    "node_modules/ts-priority-queue": {
      "version": "0.1.1",
      "resolved": "https://registry.npmjs.org/ts-priority-queue/-/ts-priority-queue-0.1.1.tgz",
      "integrity": "sha512-jNwbk4ItfTHVopnlQ/Z7UUlbF1TNsdXS2cb1W8kI6lm8UauIjs8CYSOEh1E/yrIEhl+HVFUMp60ma6fKuvBhBQ=="
    }
  }
}
